// !$*UTF8*$!
{
	archiveVersion = 1;
	classes = {
	};
	objectVersion = 46;
	objects = {

/* Begin PBXBuildFile section */
		650F8F531C1D0DB900E80C77 /* main.m in Sources */ = {isa = PBXBuildFile; fileRef = 650F8F521C1D0DB900E80C77 /* main.m */; };
		650F8F561C1D0DB900E80C77 /* AppDelegate.m in Sources */ = {isa = PBXBuildFile; fileRef = 650F8F551C1D0DB900E80C77 /* AppDelegate.m */; };
		650F8F621C1D0DB900E80C77 /* Main.storyboard in Resources */ = {isa = PBXBuildFile; fileRef = 650F8F601C1D0DB900E80C77 /* Main.storyboard */; };
		650F8F641C1D0DB900E80C77 /* Assets.xcassets in Resources */ = {isa = PBXBuildFile; fileRef = 650F8F631C1D0DB900E80C77 /* Assets.xcassets */; };
		650F8F671C1D0DB900E80C77 /* LaunchScreen.storyboard in Resources */ = {isa = PBXBuildFile; fileRef = 650F8F651C1D0DB900E80C77 /* LaunchScreen.storyboard */; };
		650F8F721C1D0DB900E80C77 /* ios_inbox_prototypeTests.m in Sources */ = {isa = PBXBuildFile; fileRef = 650F8F711C1D0DB900E80C77 /* ios_inbox_prototypeTests.m */; };
		650F8F7D1C1D0DB900E80C77 /* ios_inbox_prototypeUITests.m in Sources */ = {isa = PBXBuildFile; fileRef = 650F8F7C1C1D0DB900E80C77 /* ios_inbox_prototypeUITests.m */; };
		6552FA691C1D12C400BEA694 /* DCSettings.m in Sources */ = {isa = PBXBuildFile; fileRef = 6552FA681C1D12C400BEA694 /* DCSettings.m */; };
		658B686C1C1D213100F74EEF /* DCInboxViewController.m in Sources */ = {isa = PBXBuildFile; fileRef = 658B686B1C1D213100F74EEF /* DCInboxViewController.m */; };
/* End PBXBuildFile section */

/* Begin PBXContainerItemProxy section */
		650F8F6E1C1D0DB900E80C77 /* PBXContainerItemProxy */ = {
			isa = PBXContainerItemProxy;
			containerPortal = 650F8F461C1D0DB900E80C77 /* Project object */;
			proxyType = 1;
			remoteGlobalIDString = 650F8F4D1C1D0DB900E80C77;
			remoteInfo = "ios-inbox-prototype";
		};
		650F8F791C1D0DB900E80C77 /* PBXContainerItemProxy */ = {
			isa = PBXContainerItemProxy;
			containerPortal = 650F8F461C1D0DB900E80C77 /* Project object */;
			proxyType = 1;
			remoteGlobalIDString = 650F8F4D1C1D0DB900E80C77;
			remoteInfo = "ios-inbox-prototype";
		};
/* End PBXContainerItemProxy section */

/* Begin PBXFileReference section */
		650F8F4E1C1D0DB900E80C77 /* ios-inbox-prototype.app */ = {isa = PBXFileReference; explicitFileType = wrapper.application; includeInIndex = 0; path = "ios-inbox-prototype.app"; sourceTree = BUILT_PRODUCTS_DIR; };
		650F8F521C1D0DB900E80C77 /* main.m */ = {isa = PBXFileReference; lastKnownFileType = sourcecode.c.objc; path = main.m; sourceTree = "<group>"; };
		650F8F541C1D0DB900E80C77 /* AppDelegate.h */ = {isa = PBXFileReference; lastKnownFileType = sourcecode.c.h; path = AppDelegate.h; sourceTree = "<group>"; };
		650F8F551C1D0DB900E80C77 /* AppDelegate.m */ = {isa = PBXFileReference; lastKnownFileType = sourcecode.c.objc; path = AppDelegate.m; sourceTree = "<group>"; };
		650F8F611C1D0DB900E80C77 /* Base */ = {isa = PBXFileReference; lastKnownFileType = file.storyboard; name = Base; path = Base.lproj/Main.storyboard; sourceTree = "<group>"; };
		650F8F631C1D0DB900E80C77 /* Assets.xcassets */ = {isa = PBXFileReference; lastKnownFileType = folder.assetcatalog; path = Assets.xcassets; sourceTree = "<group>"; };
		650F8F661C1D0DB900E80C77 /* Base */ = {isa = PBXFileReference; lastKnownFileType = file.storyboard; name = Base; path = Base.lproj/LaunchScreen.storyboard; sourceTree = "<group>"; };
		650F8F681C1D0DB900E80C77 /* Info.plist */ = {isa = PBXFileReference; lastKnownFileType = text.plist.xml; path = Info.plist; sourceTree = "<group>"; };
		650F8F6D1C1D0DB900E80C77 /* ios-inbox-prototypeTests.xctest */ = {isa = PBXFileReference; explicitFileType = wrapper.cfbundle; includeInIndex = 0; path = "ios-inbox-prototypeTests.xctest"; sourceTree = BUILT_PRODUCTS_DIR; };
		650F8F711C1D0DB900E80C77 /* ios_inbox_prototypeTests.m */ = {isa = PBXFileReference; lastKnownFileType = sourcecode.c.objc; path = ios_inbox_prototypeTests.m; sourceTree = "<group>"; };
		650F8F731C1D0DB900E80C77 /* Info.plist */ = {isa = PBXFileReference; lastKnownFileType = text.plist.xml; path = Info.plist; sourceTree = "<group>"; };
		650F8F781C1D0DB900E80C77 /* ios-inbox-prototypeUITests.xctest */ = {isa = PBXFileReference; explicitFileType = wrapper.cfbundle; includeInIndex = 0; path = "ios-inbox-prototypeUITests.xctest"; sourceTree = BUILT_PRODUCTS_DIR; };
		650F8F7C1C1D0DB900E80C77 /* ios_inbox_prototypeUITests.m */ = {isa = PBXFileReference; lastKnownFileType = sourcecode.c.objc; path = ios_inbox_prototypeUITests.m; sourceTree = "<group>"; };
		650F8F7E1C1D0DB900E80C77 /* Info.plist */ = {isa = PBXFileReference; lastKnownFileType = text.plist.xml; path = Info.plist; sourceTree = "<group>"; };
		6552FA681C1D12C400BEA694 /* DCSettings.m */ = {isa = PBXFileReference; fileEncoding = 4; lastKnownFileType = sourcecode.c.objc; path = DCSettings.m; sourceTree = "<group>"; };
		6552FA6A1C1D135800BEA694 /* DCSettings.h */ = {isa = PBXFileReference; lastKnownFileType = sourcecode.c.h; path = DCSettings.h; sourceTree = "<group>"; };
		658B686A1C1D213100F74EEF /* DCInboxViewController.h */ = {isa = PBXFileReference; fileEncoding = 4; lastKnownFileType = sourcecode.c.h; path = DCInboxViewController.h; sourceTree = "<group>"; };
		658B686B1C1D213100F74EEF /* DCInboxViewController.m */ = {isa = PBXFileReference; fileEncoding = 4; lastKnownFileType = sourcecode.c.objc; path = DCInboxViewController.m; sourceTree = "<group>"; };
/* End PBXFileReference section */

/* Begin PBXFrameworksBuildPhase section */
		650F8F4B1C1D0DB900E80C77 /* Frameworks */ = {
			isa = PBXFrameworksBuildPhase;
			buildActionMask = 2147483647;
			files = (
			);
			runOnlyForDeploymentPostprocessing = 0;
		};
		650F8F6A1C1D0DB900E80C77 /* Frameworks */ = {
			isa = PBXFrameworksBuildPhase;
			buildActionMask = 2147483647;
			files = (
			);
			runOnlyForDeploymentPostprocessing = 0;
		};
		650F8F751C1D0DB900E80C77 /* Frameworks */ = {
			isa = PBXFrameworksBuildPhase;
			buildActionMask = 2147483647;
			files = (
			);
			runOnlyForDeploymentPostprocessing = 0;
		};
/* End PBXFrameworksBuildPhase section */

/* Begin PBXGroup section */
		650F8F451C1D0DB900E80C77 = {
			isa = PBXGroup;
			children = (
				650F8F501C1D0DB900E80C77 /* ios-inbox-prototype */,
				650F8F701C1D0DB900E80C77 /* ios-inbox-prototypeTests */,
				650F8F7B1C1D0DB900E80C77 /* ios-inbox-prototypeUITests */,
				650F8F4F1C1D0DB900E80C77 /* Products */,
			);
			sourceTree = "<group>";
		};
		650F8F4F1C1D0DB900E80C77 /* Products */ = {
			isa = PBXGroup;
			children = (
				650F8F4E1C1D0DB900E80C77 /* ios-inbox-prototype.app */,
				650F8F6D1C1D0DB900E80C77 /* ios-inbox-prototypeTests.xctest */,
				650F8F781C1D0DB900E80C77 /* ios-inbox-prototypeUITests.xctest */,
			);
			name = Products;
			sourceTree = "<group>";
		};
		650F8F501C1D0DB900E80C77 /* ios-inbox-prototype */ = {
			isa = PBXGroup;
			children = (
				6552FA6A1C1D135800BEA694 /* DCSettings.h */,
				6552FA681C1D12C400BEA694 /* DCSettings.m */,
				650F8F541C1D0DB900E80C77 /* AppDelegate.h */,
				650F8F551C1D0DB900E80C77 /* AppDelegate.m */,
				650F8F601C1D0DB900E80C77 /* Main.storyboard */,
				658B686A1C1D213100F74EEF /* DCInboxViewController.h */,
				658B686B1C1D213100F74EEF /* DCInboxViewController.m */,
				650F8F631C1D0DB900E80C77 /* Assets.xcassets */,
				650F8F651C1D0DB900E80C77 /* LaunchScreen.storyboard */,
				650F8F681C1D0DB900E80C77 /* Info.plist */,
				6552FA641C1D110B00BEA694 /* View */,
				6552FA631C1D10FB00BEA694 /* Model */,
				6552FA621C1D10F000BEA694 /* Controllers */,
				650F8F511C1D0DB900E80C77 /* Supporting Files */,
			);
			path = "ios-inbox-prototype";
			sourceTree = "<group>";
		};
		650F8F511C1D0DB900E80C77 /* Supporting Files */ = {
			isa = PBXGroup;
			children = (
				650F8F521C1D0DB900E80C77 /* main.m */,
			);
			name = "Supporting Files";
			sourceTree = "<group>";
		};
		650F8F701C1D0DB900E80C77 /* ios-inbox-prototypeTests */ = {
			isa = PBXGroup;
			children = (
				650F8F711C1D0DB900E80C77 /* ios_inbox_prototypeTests.m */,
				650F8F731C1D0DB900E80C77 /* Info.plist */,
			);
			path = "ios-inbox-prototypeTests";
			sourceTree = "<group>";
		};
		650F8F7B1C1D0DB900E80C77 /* ios-inbox-prototypeUITests */ = {
			isa = PBXGroup;
			children = (
				650F8F7C1C1D0DB900E80C77 /* ios_inbox_prototypeUITests.m */,
				650F8F7E1C1D0DB900E80C77 /* Info.plist */,
			);
			path = "ios-inbox-prototypeUITests";
			sourceTree = "<group>";
		};
		6552FA621C1D10F000BEA694 /* Controllers */ = {
			isa = PBXGroup;
			children = (
			);
			name = Controllers;
			sourceTree = "<group>";
		};
		6552FA631C1D10FB00BEA694 /* Model */ = {
			isa = PBXGroup;
			children = (
			);
			name = Model;
			sourceTree = "<group>";
		};
		6552FA641C1D110B00BEA694 /* View */ = {
			isa = PBXGroup;
			children = (
			);
			name = View;
			sourceTree = "<group>";
		};
/* End PBXGroup section */

/* Begin PBXNativeTarget section */
		650F8F4D1C1D0DB900E80C77 /* ios-inbox-prototype */ = {
			isa = PBXNativeTarget;
			buildConfigurationList = 650F8F811C1D0DB900E80C77 /* Build configuration list for PBXNativeTarget "ios-inbox-prototype" */;
			buildPhases = (
				650F8F4A1C1D0DB900E80C77 /* Sources */,
				650F8F4B1C1D0DB900E80C77 /* Frameworks */,
				650F8F4C1C1D0DB900E80C77 /* Resources */,
			);
			buildRules = (
			);
			dependencies = (
			);
			name = "ios-inbox-prototype";
			productName = "ios-inbox-prototype";
			productReference = 650F8F4E1C1D0DB900E80C77 /* ios-inbox-prototype.app */;
			productType = "com.apple.product-type.application";
		};
		650F8F6C1C1D0DB900E80C77 /* ios-inbox-prototypeTests */ = {
			isa = PBXNativeTarget;
			buildConfigurationList = 650F8F841C1D0DB900E80C77 /* Build configuration list for PBXNativeTarget "ios-inbox-prototypeTests" */;
			buildPhases = (
				650F8F691C1D0DB900E80C77 /* Sources */,
				650F8F6A1C1D0DB900E80C77 /* Frameworks */,
				650F8F6B1C1D0DB900E80C77 /* Resources */,
			);
			buildRules = (
			);
			dependencies = (
				650F8F6F1C1D0DB900E80C77 /* PBXTargetDependency */,
			);
			name = "ios-inbox-prototypeTests";
			productName = "ios-inbox-prototypeTests";
			productReference = 650F8F6D1C1D0DB900E80C77 /* ios-inbox-prototypeTests.xctest */;
			productType = "com.apple.product-type.bundle.unit-test";
		};
		650F8F771C1D0DB900E80C77 /* ios-inbox-prototypeUITests */ = {
			isa = PBXNativeTarget;
			buildConfigurationList = 650F8F871C1D0DB900E80C77 /* Build configuration list for PBXNativeTarget "ios-inbox-prototypeUITests" */;
			buildPhases = (
				650F8F741C1D0DB900E80C77 /* Sources */,
				650F8F751C1D0DB900E80C77 /* Frameworks */,
				650F8F761C1D0DB900E80C77 /* Resources */,
			);
			buildRules = (
			);
			dependencies = (
				650F8F7A1C1D0DB900E80C77 /* PBXTargetDependency */,
			);
			name = "ios-inbox-prototypeUITests";
			productName = "ios-inbox-prototypeUITests";
			productReference = 650F8F781C1D0DB900E80C77 /* ios-inbox-prototypeUITests.xctest */;
			productType = "com.apple.product-type.bundle.ui-testing";
		};
/* End PBXNativeTarget section */

/* Begin PBXProject section */
		650F8F461C1D0DB900E80C77 /* Project object */ = {
			isa = PBXProject;
			attributes = {
				LastUpgradeCheck = 0710;
				ORGANIZATIONNAME = HCD;
				TargetAttributes = {
					650F8F4D1C1D0DB900E80C77 = {
						CreatedOnToolsVersion = 7.1;
					};
					650F8F6C1C1D0DB900E80C77 = {
						CreatedOnToolsVersion = 7.1;
						TestTargetID = 650F8F4D1C1D0DB900E80C77;
					};
					650F8F771C1D0DB900E80C77 = {
						CreatedOnToolsVersion = 7.1;
						TestTargetID = 650F8F4D1C1D0DB900E80C77;
					};
				};
			};
			buildConfigurationList = 650F8F491C1D0DB900E80C77 /* Build configuration list for PBXProject "ios-inbox-prototype" */;
			compatibilityVersion = "Xcode 3.2";
			developmentRegion = English;
			hasScannedForEncodings = 0;
			knownRegions = (
				en,
				Base,
			);
			mainGroup = 650F8F451C1D0DB900E80C77;
			productRefGroup = 650F8F4F1C1D0DB900E80C77 /* Products */;
			projectDirPath = "";
			projectRoot = "";
			targets = (
				650F8F4D1C1D0DB900E80C77 /* ios-inbox-prototype */,
				650F8F6C1C1D0DB900E80C77 /* ios-inbox-prototypeTests */,
				650F8F771C1D0DB900E80C77 /* ios-inbox-prototypeUITests */,
			);
		};
/* End PBXProject section */

/* Begin PBXResourcesBuildPhase section */
		650F8F4C1C1D0DB900E80C77 /* Resources */ = {
			isa = PBXResourcesBuildPhase;
			buildActionMask = 2147483647;
			files = (
				650F8F671C1D0DB900E80C77 /* LaunchScreen.storyboard in Resources */,
				650F8F641C1D0DB900E80C77 /* Assets.xcassets in Resources */,
				650F8F621C1D0DB900E80C77 /* Main.storyboard in Resources */,
			);
			runOnlyForDeploymentPostprocessing = 0;
		};
		650F8F6B1C1D0DB900E80C77 /* Resources */ = {
			isa = PBXResourcesBuildPhase;
			buildActionMask = 2147483647;
			files = (
			);
			runOnlyForDeploymentPostprocessing = 0;
		};
		650F8F761C1D0DB900E80C77 /* Resources */ = {
			isa = PBXResourcesBuildPhase;
			buildActionMask = 2147483647;
			files = (
			);
			runOnlyForDeploymentPostprocessing = 0;
		};
/* End PBXResourcesBuildPhase section */

/* Begin PBXSourcesBuildPhase section */
		650F8F4A1C1D0DB900E80C77 /* Sources */ = {
			isa = PBXSourcesBuildPhase;
			buildActionMask = 2147483647;
			files = (
				658B686C1C1D213100F74EEF /* DCInboxViewController.m in Sources */,
				650F8F561C1D0DB900E80C77 /* AppDelegate.m in Sources */,
				650F8F531C1D0DB900E80C77 /* main.m in Sources */,
				6552FA691C1D12C400BEA694 /* DCSettings.m in Sources */,
			);
			runOnlyForDeploymentPostprocessing = 0;
		};
		650F8F691C1D0DB900E80C77 /* Sources */ = {
			isa = PBXSourcesBuildPhase;
			buildActionMask = 2147483647;
			files = (
				650F8F721C1D0DB900E80C77 /* ios_inbox_prototypeTests.m in Sources */,
			);
			runOnlyForDeploymentPostprocessing = 0;
		};
		650F8F741C1D0DB900E80C77 /* Sources */ = {
			isa = PBXSourcesBuildPhase;
			buildActionMask = 2147483647;
			files = (
				650F8F7D1C1D0DB900E80C77 /* ios_inbox_prototypeUITests.m in Sources */,
			);
			runOnlyForDeploymentPostprocessing = 0;
		};
/* End PBXSourcesBuildPhase section */

/* Begin PBXTargetDependency section */
		650F8F6F1C1D0DB900E80C77 /* PBXTargetDependency */ = {
			isa = PBXTargetDependency;
			target = 650F8F4D1C1D0DB900E80C77 /* ios-inbox-prototype */;
			targetProxy = 650F8F6E1C1D0DB900E80C77 /* PBXContainerItemProxy */;
		};
		650F8F7A1C1D0DB900E80C77 /* PBXTargetDependency */ = {
			isa = PBXTargetDependency;
			target = 650F8F4D1C1D0DB900E80C77 /* ios-inbox-prototype */;
			targetProxy = 650F8F791C1D0DB900E80C77 /* PBXContainerItemProxy */;
		};
/* End PBXTargetDependency section */

/* Begin PBXVariantGroup section */
		650F8F601C1D0DB900E80C77 /* Main.storyboard */ = {
			isa = PBXVariantGroup;
			children = (
				650F8F611C1D0DB900E80C77 /* Base */,
			);
			name = Main.storyboard;
			sourceTree = "<group>";
		};
		650F8F651C1D0DB900E80C77 /* LaunchScreen.storyboard */ = {
			isa = PBXVariantGroup;
			children = (
				650F8F661C1D0DB900E80C77 /* Base */,
			);
			name = LaunchScreen.storyboard;
			sourceTree = "<group>";
		};
/* End PBXVariantGroup section */

/* Begin XCBuildConfiguration section */
		650F8F7F1C1D0DB900E80C77 /* Debug */ = {
			isa = XCBuildConfiguration;
			buildSettings = {
				ALWAYS_SEARCH_USER_PATHS = NO;
				CLANG_CXX_LANGUAGE_STANDARD = "gnu++0x";
				CLANG_CXX_LIBRARY = "libc++";
				CLANG_ENABLE_MODULES = YES;
				CLANG_ENABLE_OBJC_ARC = YES;
				CLANG_WARN_BOOL_CONVERSION = YES;
				CLANG_WARN_CONSTANT_CONVERSION = YES;
				CLANG_WARN_DIRECT_OBJC_ISA_USAGE = YES_ERROR;
				CLANG_WARN_EMPTY_BODY = YES;
				CLANG_WARN_ENUM_CONVERSION = YES;
				CLANG_WARN_INT_CONVERSION = YES;
				CLANG_WARN_OBJC_ROOT_CLASS = YES_ERROR;
				CLANG_WARN_UNREACHABLE_CODE = YES;
				CLANG_WARN__DUPLICATE_METHOD_MATCH = YES;
				"CODE_SIGN_IDENTITY[sdk=iphoneos*]" = "iPhone Developer";
				COPY_PHASE_STRIP = NO;
				DEBUG_INFORMATION_FORMAT = dwarf;
				ENABLE_STRICT_OBJC_MSGSEND = YES;
				ENABLE_TESTABILITY = YES;
				GCC_C_LANGUAGE_STANDARD = gnu99;
				GCC_DYNAMIC_NO_PIC = NO;
				GCC_NO_COMMON_BLOCKS = YES;
				GCC_OPTIMIZATION_LEVEL = 0;
				GCC_PREPROCESSOR_DEFINITIONS = (
					"DEBUG=1",
					"$(inherited)",
				);
				GCC_WARN_64_TO_32_BIT_CONVERSION = YES;
				GCC_WARN_ABOUT_RETURN_TYPE = YES_ERROR;
				GCC_WARN_UNDECLARED_SELECTOR = YES;
				GCC_WARN_UNINITIALIZED_AUTOS = YES_AGGRESSIVE;
				GCC_WARN_UNUSED_FUNCTION = YES;
				GCC_WARN_UNUSED_VARIABLE = YES;
				IPHONEOS_DEPLOYMENT_TARGET = 9.1;
				MTL_ENABLE_DEBUG_INFO = YES;
				ONLY_ACTIVE_ARCH = YES;
				SDKROOT = iphoneos;
			};
			name = Debug;
		};
		650F8F801C1D0DB900E80C77 /* Release */ = {
			isa = XCBuildConfiguration;
			buildSettings = {
				ALWAYS_SEARCH_USER_PATHS = NO;
				CLANG_CXX_LANGUAGE_STANDARD = "gnu++0x";
				CLANG_CXX_LIBRARY = "libc++";
				CLANG_ENABLE_MODULES = YES;
				CLANG_ENABLE_OBJC_ARC = YES;
				CLANG_WARN_BOOL_CONVERSION = YES;
				CLANG_WARN_CONSTANT_CONVERSION = YES;
				CLANG_WARN_DIRECT_OBJC_ISA_USAGE = YES_ERROR;
				CLANG_WARN_EMPTY_BODY = YES;
				CLANG_WARN_ENUM_CONVERSION = YES;
				CLANG_WARN_INT_CONVERSION = YES;
				CLANG_WARN_OBJC_ROOT_CLASS = YES_ERROR;
				CLANG_WARN_UNREACHABLE_CODE = YES;
				CLANG_WARN__DUPLICATE_METHOD_MATCH = YES;
				"CODE_SIGN_IDENTITY[sdk=iphoneos*]" = "iPhone Developer";
				COPY_PHASE_STRIP = NO;
				DEBUG_INFORMATION_FORMAT = "dwarf-with-dsym";
				ENABLE_NS_ASSERTIONS = NO;
				ENABLE_STRICT_OBJC_MSGSEND = YES;
				GCC_C_LANGUAGE_STANDARD = gnu99;
				GCC_NO_COMMON_BLOCKS = YES;
				GCC_WARN_64_TO_32_BIT_CONVERSION = YES;
				GCC_WARN_ABOUT_RETURN_TYPE = YES_ERROR;
				GCC_WARN_UNDECLARED_SELECTOR = YES;
				GCC_WARN_UNINITIALIZED_AUTOS = YES_AGGRESSIVE;
				GCC_WARN_UNUSED_FUNCTION = YES;
				GCC_WARN_UNUSED_VARIABLE = YES;
				IPHONEOS_DEPLOYMENT_TARGET = 9.1;
				MTL_ENABLE_DEBUG_INFO = NO;
				SDKROOT = iphoneos;
				VALIDATE_PRODUCT = YES;
			};
			name = Release;
		};
		650F8F821C1D0DB900E80C77 /* Debug */ = {
			isa = XCBuildConfiguration;
			buildSettings = {
				ASSETCATALOG_COMPILER_APPICON_NAME = AppIcon;
				INFOPLIST_FILE = "ios-inbox-prototype/Info.plist";
				LD_RUNPATH_SEARCH_PATHS = "$(inherited) @executable_path/Frameworks";
				PRODUCT_BUNDLE_IDENTIFIER = "com.hcd.ios-inbox-prototype";
				PRODUCT_NAME = "$(TARGET_NAME)";
			};
			name = Debug;
		};
		650F8F831C1D0DB900E80C77 /* Release */ = {
			isa = XCBuildConfiguration;
			buildSettings = {
				ASSETCATALOG_COMPILER_APPICON_NAME = AppIcon;
				INFOPLIST_FILE = "ios-inbox-prototype/Info.plist";
				LD_RUNPATH_SEARCH_PATHS = "$(inherited) @executable_path/Frameworks";
				PRODUCT_BUNDLE_IDENTIFIER = "com.hcd.ios-inbox-prototype";
				PRODUCT_NAME = "$(TARGET_NAME)";
			};
			name = Release;
		};
		650F8F851C1D0DB900E80C77 /* Debug */ = {
			isa = XCBuildConfiguration;
			buildSettings = {
				BUNDLE_LOADER = "$(TEST_HOST)";
				INFOPLIST_FILE = "ios-inbox-prototypeTests/Info.plist";
				LD_RUNPATH_SEARCH_PATHS = "$(inherited) @executable_path/Frameworks @loader_path/Frameworks";
				PRODUCT_BUNDLE_IDENTIFIER = "com.hcd.ios-inbox-prototypeTests";
				PRODUCT_NAME = "$(TARGET_NAME)";
				TEST_HOST = "$(BUILT_PRODUCTS_DIR)/ios-inbox-prototype.app/ios-inbox-prototype";
			};
			name = Debug;
		};
		650F8F861C1D0DB900E80C77 /* Release */ = {
			isa = XCBuildConfiguration;
			buildSettings = {
				BUNDLE_LOADER = "$(TEST_HOST)";
				INFOPLIST_FILE = "ios-inbox-prototypeTests/Info.plist";
				LD_RUNPATH_SEARCH_PATHS = "$(inherited) @executable_path/Frameworks @loader_path/Frameworks";
				PRODUCT_BUNDLE_IDENTIFIER = "com.hcd.ios-inbox-prototypeTests";
				PRODUCT_NAME = "$(TARGET_NAME)";
				TEST_HOST = "$(BUILT_PRODUCTS_DIR)/ios-inbox-prototype.app/ios-inbox-prototype";
			};
			name = Release;
		};
		650F8F881C1D0DB900E80C77 /* Debug */ = {
			isa = XCBuildConfiguration;
			buildSettings = {
				INFOPLIST_FILE = "ios-inbox-prototypeUITests/Info.plist";
				LD_RUNPATH_SEARCH_PATHS = "$(inherited) @executable_path/Frameworks @loader_path/Frameworks";
				PRODUCT_BUNDLE_IDENTIFIER = "com.hcd.ios-inbox-prototypeUITests";
				PRODUCT_NAME = "$(TARGET_NAME)";
				TEST_TARGET_NAME = "ios-inbox-prototype";
				USES_XCTRUNNER = YES;
			};
			name = Debug;
		};
		650F8F891C1D0DB900E80C77 /* Release */ = {
			isa = XCBuildConfiguration;
			buildSettings = {
				INFOPLIST_FILE = "ios-inbox-prototypeUITests/Info.plist";
				LD_RUNPATH_SEARCH_PATHS = "$(inherited) @executable_path/Frameworks @loader_path/Frameworks";
				PRODUCT_BUNDLE_IDENTIFIER = "com.hcd.ios-inbox-prototypeUITests";
				PRODUCT_NAME = "$(TARGET_NAME)";
				TEST_TARGET_NAME = "ios-inbox-prototype";
				USES_XCTRUNNER = YES;
			};
			name = Release;
		};
/* End XCBuildConfiguration section */

/* Begin XCConfigurationList section */
		650F8F491C1D0DB900E80C77 /* Build configuration list for PBXProject "ios-inbox-prototype" */ = {
			isa = XCConfigurationList;
			buildConfigurations = (
				650F8F7F1C1D0DB900E80C77 /* Debug */,
				650F8F801C1D0DB900E80C77 /* Release */,
			);
			defaultConfigurationIsVisible = 0;
			defaultConfigurationName = Release;
		};
		650F8F811C1D0DB900E80C77 /* Build configuration list for PBXNativeTarget "ios-inbox-prototype" */ = {
			isa = XCConfigurationList;
			buildConfigurations = (
				650F8F821C1D0DB900E80C77 /* Debug */,
				650F8F831C1D0DB900E80C77 /* Release */,
			);
			defaultConfigurationIsVisible = 0;
			defaultConfigurationName = Release;
		};
		650F8F841C1D0DB900E80C77 /* Build configuration list for PBXNativeTarget "ios-inbox-prototypeTests" */ = {
			isa = XCConfigurationList;
			buildConfigurations = (
				650F8F851C1D0DB900E80C77 /* Debug */,
				650F8F861C1D0DB900E80C77 /* Release */,
			);
			defaultConfigurationIsVisible = 0;
			defaultConfigurationName = Release;
		};
		650F8F871C1D0DB900E80C77 /* Build configuration list for PBXNativeTarget "ios-inbox-prototypeUITests" */ = {
			isa = XCConfigurationList;
			buildConfigurations = (
				650F8F881C1D0DB900E80C77 /* Debug */,
				650F8F891C1D0DB900E80C77 /* Release */,
			);
			defaultConfigurationIsVisible = 0;
			defaultConfigurationName = Release;
		};
/* End XCConfigurationList section */
	};
	rootObject = 650F8F461C1D0DB900E80C77 /* Project object */;
}
